
Microsoft Visual Studio Solution File, Format Version 12.00
# Visual Studio Version 17
VisualStudioVersion = 17.2.32526.322
MinimumVisualStudioVersion = 10.0.40219.1
Project("{9A19103F-16F7-4668-BE54-9A1E7A4F7556}") = "Ordering.API", "Ordering.API.csproj", "{CC84AED2-C852-4AEF-8A92-0A4ED1E4CCAC}"
EndProject
Global
	GlobalSection(SolutionConfigurationPlatforms) = preSolution
		Debug|Any CPU = Debug|Any CPU
		Release|Any CPU = Release|Any CPU
	EndGlobalSection
	GlobalSection(ProjectConfigurationPlatforms) = postSolution
		{CC84AED2-C852-4AEF-8A92-0A4ED1E4CCAC}.Debug|Any CPU.ActiveCfg = Debug|Any CPU
		{CC84AED2-C852-4AEF-8A92-0A4ED1E4CCAC}.Debug|Any CPU.Build.0 = Debug|Any CPU
		{CC84AED2-C852-4AEF-8A92-0A4ED1E4CCAC}.Release|Any CPU.ActiveCfg = Release|Any CPU
		{CC84AED2-C852-4AEF-8A92-0A4ED1E4CCAC}.Release|Any CPU.Build.0 = Release|Any CPU
	EndGlobalSection
	GlobalSection(SolutionProperties) = preSolution
		HideSolutionNode = FALSE
	EndGlobalSection
	GlobalSection(ExtensibilityGlobals) = postSolution
		SolutionGuid = {A478DEFE-AAE1-4C63-99AF-3EE14B2F144B}
	EndGlobalSection
EndGlobal
